
Microsoft Visual Studio Solution File, Format Version 12.00
# Visual Studio 2012
Project("{FAE04EC0-301F-11D3-BF4B-00C04F79EFBC}") = "OmegaUpPuller", "OmegaUpPuller\OmegaUpPuller.csproj", "{6EC52871-2379-4667-B1FF-33720C142676}"
EndProject
Global
	GlobalSection(SolutionConfigurationPlatforms) = preSolution
		Debug|Any CPU = Debug|Any CPU
		Release|Any CPU = Release|Any CPU
	EndGlobalSection
	GlobalSection(ProjectConfigurationPlatforms) = postSolution
		{6EC52871-2379-4667-B1FF-33720C142676}.Debug|Any CPU.ActiveCfg = Debug|Any CPU
		{6EC52871-2379-4667-B1FF-33720C142676}.Debug|Any CPU.Build.0 = Debug|Any CPU
		{6EC52871-2379-4667-B1FF-33720C142676}.Release|Any CPU.ActiveCfg = Release|Any CPU
		{6EC52871-2379-4667-B1FF-33720C142676}.Release|Any CPU.Build.0 = Release|Any CPU
	EndGlobalSection
	GlobalSection(SolutionProperties) = preSolution
		HideSolutionNode = FALSE
	EndGlobalSection
EndGlobal
